<Solution>
  <Project Path="ExampleUmbraco/ExampleUmbraco.csproj" Id="49f9bf68-14e6-451a-8257-3dc5341e30a0" />
  <Project Path="Repository/Repository.csproj" Id="3f04aa1f-a46a-447d-8cea-26ee79f0dda8" />
  <Project Path="Service/Service.csproj" Id="7167427d-be45-419e-ba78-7ffc99dc4a73" />
</Solution>
